// !$*UTF8*$!
{
	archiveVersion = 1;
	classes = {
	};
	objectVersion = 55;
	objects = {

/* Begin PBXBuildFile section */
		708CD5202820364800438E66 /* LawnCameraView.swift in Sources */ = {isa = PBXBuildFile; fileRef = 708CD51F2820364800438E66 /* LawnCameraView.swift */; };
		70AA29CC281FC72400B95FF8 /* NC1_Lawn_SoMacApp.swift in Sources */ = {isa = PBXBuildFile; fileRef = 70AA29CB281FC72400B95FF8 /* NC1_Lawn_SoMacApp.swift */; };
		70AA29CE281FC72400B95FF8 /* ContentView.swift in Sources */ = {isa = PBXBuildFile; fileRef = 70AA29CD281FC72400B95FF8 /* ContentView.swift */; };
		70AA29D0281FC72600B95FF8 /* Assets.xcassets in Resources */ = {isa = PBXBuildFile; fileRef = 70AA29CF281FC72600B95FF8 /* Assets.xcassets */; };
		70AA29D3281FC72600B95FF8 /* Preview Assets.xcassets in Resources */ = {isa = PBXBuildFile; fileRef = 70AA29D2281FC72600B95FF8 /* Preview Assets.xcassets */; };
		70AA29DA281FD21A00B95FF8 /* HomeView.swift in Sources */ = {isa = PBXBuildFile; fileRef = 70AA29D9281FD21A00B95FF8 /* HomeView.swift */; };
		70AA29DC2820264F00B95FF8 /* ChoiceView.swift in Sources */ = {isa = PBXBuildFile; fileRef = 70AA29DB2820264F00B95FF8 /* ChoiceView.swift */; };
		70F692E52820F3D700C90014 /* SDWebImageSwiftUI in Frameworks */ = {isa = PBXBuildFile; productRef = 70F692E42820F3D700C90014 /* SDWebImageSwiftUI */; };
		70F692EA2820F42900C90014 /* Card.swift in Sources */ = {isa = PBXBuildFile; fileRef = 70F692E92820F42900C90014 /* Card.swift */; };
		70F692EC2820F46A00C90014 /* JASONViewModel.swift in Sources */ = {isa = PBXBuildFile; fileRef = 70F692EB2820F46A00C90014 /* JASONViewModel.swift */; };
		70F692EE2820F4FF00C90014 /* GalleryView.swift in Sources */ = {isa = PBXBuildFile; fileRef = 70F692ED2820F4FF00C90014 /* GalleryView.swift */; };
		70F692F12820F5CA00C90014 /* Layout1.swift in Sources */ = {isa = PBXBuildFile; fileRef = 70F692F02820F5CA00C90014 /* Layout1.swift */; };
		70F692F32820F5D300C90014 /* Layout2.swift in Sources */ = {isa = PBXBuildFile; fileRef = 70F692F22820F5D300C90014 /* Layout2.swift */; };
		70F692F52820F5DD00C90014 /* Layout3.swift in Sources */ = {isa = PBXBuildFile; fileRef = 70F692F42820F5DD00C90014 /* Layout3.swift */; };
		70F692F82820F69600C90014 /* ContextModifier.swift in Sources */ = {isa = PBXBuildFile; fileRef = 70F692F72820F69600C90014 /* ContextModifier.swift */; };
		70F692FA2820FEBB00C90014 /* MyCameraView.swift in Sources */ = {isa = PBXBuildFile; fileRef = 70F692F92820FEBB00C90014 /* MyCameraView.swift */; };
		70F692FC28210B1400C90014 /* HalfSheet.swift in Sources */ = {isa = PBXBuildFile; fileRef = 70F692FB28210B1400C90014 /* HalfSheet.swift */; };
/* End PBXBuildFile section */

/* Begin PBXFileReference section */
		708CD51F2820364800438E66 /* LawnCameraView.swift */ = {isa = PBXFileReference; lastKnownFileType = sourcecode.swift; path = LawnCameraView.swift; sourceTree = "<group>"; };
		70AA29C8281FC72400B95FF8 /* NC1-Lawn-SoMac.app */ = {isa = PBXFileReference; explicitFileType = wrapper.application; includeInIndex = 0; path = "NC1-Lawn-SoMac.app"; sourceTree = BUILT_PRODUCTS_DIR; };
		70AA29CB281FC72400B95FF8 /* NC1_Lawn_SoMacApp.swift */ = {isa = PBXFileReference; lastKnownFileType = sourcecode.swift; path = NC1_Lawn_SoMacApp.swift; sourceTree = "<group>"; };
		70AA29CD281FC72400B95FF8 /* ContentView.swift */ = {isa = PBXFileReference; lastKnownFileType = sourcecode.swift; path = ContentView.swift; sourceTree = "<group>"; };
		70AA29CF281FC72600B95FF8 /* Assets.xcassets */ = {isa = PBXFileReference; lastKnownFileType = folder.assetcatalog; path = Assets.xcassets; sourceTree = "<group>"; };
		70AA29D2281FC72600B95FF8 /* Preview Assets.xcassets */ = {isa = PBXFileReference; lastKnownFileType = folder.assetcatalog; path = "Preview Assets.xcassets"; sourceTree = "<group>"; };
		70AA29D9281FD21A00B95FF8 /* HomeView.swift */ = {isa = PBXFileReference; lastKnownFileType = sourcecode.swift; path = HomeView.swift; sourceTree = "<group>"; };
		70AA29DB2820264F00B95FF8 /* ChoiceView.swift */ = {isa = PBXFileReference; lastKnownFileType = sourcecode.swift; path = ChoiceView.swift; sourceTree = "<group>"; };
		70F692E92820F42900C90014 /* Card.swift */ = {isa = PBXFileReference; lastKnownFileType = sourcecode.swift; path = Card.swift; sourceTree = "<group>"; };
		70F692EB2820F46A00C90014 /* JASONViewModel.swift */ = {isa = PBXFileReference; lastKnownFileType = sourcecode.swift; path = JASONViewModel.swift; sourceTree = "<group>"; };
		70F692ED2820F4FF00C90014 /* GalleryView.swift */ = {isa = PBXFileReference; lastKnownFileType = sourcecode.swift; path = GalleryView.swift; sourceTree = "<group>"; };
		70F692F02820F5CA00C90014 /* Layout1.swift */ = {isa = PBXFileReference; lastKnownFileType = sourcecode.swift; path = Layout1.swift; sourceTree = "<group>"; };
		70F692F22820F5D300C90014 /* Layout2.swift */ = {isa = PBXFileReference; lastKnownFileType = sourcecode.swift; path = Layout2.swift; sourceTree = "<group>"; };
		70F692F42820F5DD00C90014 /* Layout3.swift */ = {isa = PBXFileReference; lastKnownFileType = sourcecode.swift; path = Layout3.swift; sourceTree = "<group>"; };
		70F692F72820F69600C90014 /* ContextModifier.swift */ = {isa = PBXFileReference; lastKnownFileType = sourcecode.swift; path = ContextModifier.swift; sourceTree = "<group>"; };
		70F692F92820FEBB00C90014 /* MyCameraView.swift */ = {isa = PBXFileReference; lastKnownFileType = sourcecode.swift; path = MyCameraView.swift; sourceTree = "<group>"; };
		70F692FB28210B1400C90014 /* HalfSheet.swift */ = {isa = PBXFileReference; lastKnownFileType = sourcecode.swift; path = HalfSheet.swift; sourceTree = "<group>"; };
/* End PBXFileReference section */

/* Begin PBXFrameworksBuildPhase section */
		70AA29C5281FC72400B95FF8 /* Frameworks */ = {
			isa = PBXFrameworksBuildPhase;
			buildActionMask = 2147483647;
			files = (
				70F692E52820F3D700C90014 /* SDWebImageSwiftUI in Frameworks */,
			);
			runOnlyForDeploymentPostprocessing = 0;
		};
/* End PBXFrameworksBuildPhase section */

/* Begin PBXGroup section */
		70AA29BF281FC72400B95FF8 = {
			isa = PBXGroup;
			children = (
				70AA29CA281FC72400B95FF8 /* NC1-Lawn-SoMac */,
				70AA29C9281FC72400B95FF8 /* Products */,
			);
			sourceTree = "<group>";
		};
		70AA29C9281FC72400B95FF8 /* Products */ = {
			isa = PBXGroup;
			children = (
				70AA29C8281FC72400B95FF8 /* NC1-Lawn-SoMac.app */,
			);
			name = Products;
			sourceTree = "<group>";
		};
		70AA29CA281FC72400B95FF8 /* NC1-Lawn-SoMac */ = {
			isa = PBXGroup;
			children = (
				70AA29CB281FC72400B95FF8 /* NC1_Lawn_SoMacApp.swift */,
				70F692E82820F40A00C90014 /* ViewModel */,
				70F692E72820F3FE00C90014 /* Model */,
				70F692E62820F3F800C90014 /* View */,
				70AA29CF281FC72600B95FF8 /* Assets.xcassets */,
				70AA29D1281FC72600B95FF8 /* Preview Content */,
			);
			path = "NC1-Lawn-SoMac";
			sourceTree = "<group>";
		};
		70AA29D1281FC72600B95FF8 /* Preview Content */ = {
			isa = PBXGroup;
			children = (
				70AA29D2281FC72600B95FF8 /* Preview Assets.xcassets */,
			);
			path = "Preview Content";
			sourceTree = "<group>";
		};
		70F692E62820F3F800C90014 /* View */ = {
			isa = PBXGroup;
			children = (
				70F692F62820F67D00C90014 /* Modifiers */,
				70F692EF2820F59D00C90014 /* Layouts */,
				70AA29CD281FC72400B95FF8 /* ContentView.swift */,
				70AA29D9281FD21A00B95FF8 /* HomeView.swift */,
				70AA29DB2820264F00B95FF8 /* ChoiceView.swift */,
				70F692ED2820F4FF00C90014 /* GalleryView.swift */,
				708CD51F2820364800438E66 /* LawnCameraView.swift */,
				70F692F92820FEBB00C90014 /* MyCameraView.swift */,
			);
			path = View;
			sourceTree = "<group>";
		};
		70F692E72820F3FE00C90014 /* Model */ = {
			isa = PBXGroup;
			children = (
				70F692E92820F42900C90014 /* Card.swift */,
				70F692FB28210B1400C90014 /* HalfSheet.swift */,
			);
			path = Model;
			sourceTree = "<group>";
		};
		70F692E82820F40A00C90014 /* ViewModel */ = {
			isa = PBXGroup;
			children = (
				70F692EB2820F46A00C90014 /* JASONViewModel.swift */,
			);
			path = ViewModel;
			sourceTree = "<group>";
		};
		70F692EF2820F59D00C90014 /* Layouts */ = {
			isa = PBXGroup;
			children = (
				70F692F02820F5CA00C90014 /* Layout1.swift */,
				70F692F22820F5D300C90014 /* Layout2.swift */,
				70F692F42820F5DD00C90014 /* Layout3.swift */,
			);
			path = Layouts;
			sourceTree = "<group>";
		};
		70F692F62820F67D00C90014 /* Modifiers */ = {
			isa = PBXGroup;
			children = (
				70F692F72820F69600C90014 /* ContextModifier.swift */,
			);
			path = Modifiers;
			sourceTree = "<group>";
		};
/* End PBXGroup section */

/* Begin PBXNativeTarget section */
		70AA29C7281FC72400B95FF8 /* NC1-Lawn-SoMac */ = {
			isa = PBXNativeTarget;
			buildConfigurationList = 70AA29D6281FC72600B95FF8 /* Build configuration list for PBXNativeTarget "NC1-Lawn-SoMac" */;
			buildPhases = (
				70AA29C4281FC72400B95FF8 /* Sources */,
				70AA29C5281FC72400B95FF8 /* Frameworks */,
				70AA29C6281FC72400B95FF8 /* Resources */,
			);
			buildRules = (
			);
			dependencies = (
			);
			name = "NC1-Lawn-SoMac";
			packageProductDependencies = (
				70F692E42820F3D700C90014 /* SDWebImageSwiftUI */,
			);
			productName = "NC1-Lawn-SoMac";
			productReference = 70AA29C8281FC72400B95FF8 /* NC1-Lawn-SoMac.app */;
			productType = "com.apple.product-type.application";
		};
/* End PBXNativeTarget section */

/* Begin PBXProject section */
		70AA29C0281FC72400B95FF8 /* Project object */ = {
			isa = PBXProject;
			attributes = {
				BuildIndependentTargetsInParallel = 1;
				LastSwiftUpdateCheck = 1330;
				LastUpgradeCheck = 1330;
				TargetAttributes = {
					70AA29C7281FC72400B95FF8 = {
						CreatedOnToolsVersion = 13.3.1;
					};
				};
			};
			buildConfigurationList = 70AA29C3281FC72400B95FF8 /* Build configuration list for PBXProject "NC1-Lawn-SoMac" */;
			compatibilityVersion = "Xcode 13.0";
			developmentRegion = en;
			hasScannedForEncodings = 0;
			knownRegions = (
				en,
				Base,
			);
			mainGroup = 70AA29BF281FC72400B95FF8;
			packageReferences = (
				70F692E32820F3D700C90014 /* XCRemoteSwiftPackageReference "SDWebImageSwiftUI" */,
			);
			productRefGroup = 70AA29C9281FC72400B95FF8 /* Products */;
			projectDirPath = "";
			projectRoot = "";
			targets = (
				70AA29C7281FC72400B95FF8 /* NC1-Lawn-SoMac */,
			);
		};
/* End PBXProject section */

/* Begin PBXResourcesBuildPhase section */
		70AA29C6281FC72400B95FF8 /* Resources */ = {
			isa = PBXResourcesBuildPhase;
			buildActionMask = 2147483647;
			files = (
				70AA29D3281FC72600B95FF8 /* Preview Assets.xcassets in Resources */,
				70AA29D0281FC72600B95FF8 /* Assets.xcassets in Resources */,
			);
			runOnlyForDeploymentPostprocessing = 0;
		};
/* End PBXResourcesBuildPhase section */

/* Begin PBXSourcesBuildPhase section */
		70AA29C4281FC72400B95FF8 /* Sources */ = {
			isa = PBXSourcesBuildPhase;
			buildActionMask = 2147483647;
			files = (
				708CD5202820364800438E66 /* LawnCameraView.swift in Sources */,
				70AA29DA281FD21A00B95FF8 /* HomeView.swift in Sources */,
				70F692EA2820F42900C90014 /* Card.swift in Sources */,
				70AA29DC2820264F00B95FF8 /* ChoiceView.swift in Sources */,
				70F692F32820F5D300C90014 /* Layout2.swift in Sources */,
				70AA29CE281FC72400B95FF8 /* ContentView.swift in Sources */,
				70F692FC28210B1400C90014 /* HalfSheet.swift in Sources */,
				70F692FA2820FEBB00C90014 /* MyCameraView.swift in Sources */,
				70F692EC2820F46A00C90014 /* JASONViewModel.swift in Sources */,
				70F692F12820F5CA00C90014 /* Layout1.swift in Sources */,
				70F692F52820F5DD00C90014 /* Layout3.swift in Sources */,
				70F692EE2820F4FF00C90014 /* GalleryView.swift in Sources */,
				70F692F82820F69600C90014 /* ContextModifier.swift in Sources */,
				70AA29CC281FC72400B95FF8 /* NC1_Lawn_SoMacApp.swift in Sources */,
			);
			runOnlyForDeploymentPostprocessing = 0;
		};
/* End PBXSourcesBuildPhase section */

/* Begin XCBuildConfiguration section */
		70AA29D4281FC72600B95FF8 /* Debug */ = {
			isa = XCBuildConfiguration;
			buildSettings = {
				ALWAYS_SEARCH_USER_PATHS = NO;
				CLANG_ANALYZER_NONNULL = YES;
				CLANG_ANALYZER_NUMBER_OBJECT_CONVERSION = YES_AGGRESSIVE;
				CLANG_CXX_LANGUAGE_STANDARD = "gnu++17";
				CLANG_ENABLE_MODULES = YES;
				CLANG_ENABLE_OBJC_ARC = YES;
				CLANG_ENABLE_OBJC_WEAK = YES;
				CLANG_WARN_BLOCK_CAPTURE_AUTORELEASING = YES;
				CLANG_WARN_BOOL_CONVERSION = YES;
				CLANG_WARN_COMMA = YES;
				CLANG_WARN_CONSTANT_CONVERSION = YES;
				CLANG_WARN_DEPRECATED_OBJC_IMPLEMENTATIONS = YES;
				CLANG_WARN_DIRECT_OBJC_ISA_USAGE = YES_ERROR;
				CLANG_WARN_DOCUMENTATION_COMMENTS = YES;
				CLANG_WARN_EMPTY_BODY = YES;
				CLANG_WARN_ENUM_CONVERSION = YES;
				CLANG_WARN_INFINITE_RECURSION = YES;
				CLANG_WARN_INT_CONVERSION = YES;
				CLANG_WARN_NON_LITERAL_NULL_CONVERSION = YES;
				CLANG_WARN_OBJC_IMPLICIT_RETAIN_SELF = YES;
				CLANG_WARN_OBJC_LITERAL_CONVERSION = YES;
				CLANG_WARN_OBJC_ROOT_CLASS = YES_ERROR;
				CLANG_WARN_QUOTED_INCLUDE_IN_FRAMEWORK_HEADER = YES;
				CLANG_WARN_RANGE_LOOP_ANALYSIS = YES;
				CLANG_WARN_STRICT_PROTOTYPES = YES;
				CLANG_WARN_SUSPICIOUS_MOVE = YES;
				CLANG_WARN_UNGUARDED_AVAILABILITY = YES_AGGRESSIVE;
				CLANG_WARN_UNREACHABLE_CODE = YES;
				CLANG_WARN__DUPLICATE_METHOD_MATCH = YES;
				COPY_PHASE_STRIP = NO;
				DEBUG_INFORMATION_FORMAT = dwarf;
				ENABLE_STRICT_OBJC_MSGSEND = YES;
				ENABLE_TESTABILITY = YES;
				GCC_C_LANGUAGE_STANDARD = gnu11;
				GCC_DYNAMIC_NO_PIC = NO;
				GCC_NO_COMMON_BLOCKS = YES;
				GCC_OPTIMIZATION_LEVEL = 0;
				GCC_PREPROCESSOR_DEFINITIONS = (
					"DEBUG=1",
					"$(inherited)",
				);
				GCC_WARN_64_TO_32_BIT_CONVERSION = YES;
				GCC_WARN_ABOUT_RETURN_TYPE = YES_ERROR;
				GCC_WARN_UNDECLARED_SELECTOR = YES;
				GCC_WARN_UNINITIALIZED_AUTOS = YES_AGGRESSIVE;
				GCC_WARN_UNUSED_FUNCTION = YES;
				GCC_WARN_UNUSED_VARIABLE = YES;
				IPHONEOS_DEPLOYMENT_TARGET = 15.4;
				MTL_ENABLE_DEBUG_INFO = INCLUDE_SOURCE;
				MTL_FAST_MATH = YES;
				ONLY_ACTIVE_ARCH = YES;
				SDKROOT = iphoneos;
				SWIFT_ACTIVE_COMPILATION_CONDITIONS = DEBUG;
				SWIFT_OPTIMIZATION_LEVEL = "-Onone";
			};
			name = Debug;
		};
		70AA29D5281FC72600B95FF8 /* Release */ = {
			isa = XCBuildConfiguration;
			buildSettings = {
				ALWAYS_SEARCH_USER_PATHS = NO;
				CLANG_ANALYZER_NONNULL = YES;
				CLANG_ANALYZER_NUMBER_OBJECT_CONVERSION = YES_AGGRESSIVE;
				CLANG_CXX_LANGUAGE_STANDARD = "gnu++17";
				CLANG_ENABLE_MODULES = YES;
				CLANG_ENABLE_OBJC_ARC = YES;
				CLANG_ENABLE_OBJC_WEAK = YES;
				CLANG_WARN_BLOCK_CAPTURE_AUTORELEASING = YES;
				CLANG_WARN_BOOL_CONVERSION = YES;
				CLANG_WARN_COMMA = YES;
				CLANG_WARN_CONSTANT_CONVERSION = YES;
				CLANG_WARN_DEPRECATED_OBJC_IMPLEMENTATIONS = YES;
				CLANG_WARN_DIRECT_OBJC_ISA_USAGE = YES_ERROR;
				CLANG_WARN_DOCUMENTATION_COMMENTS = YES;
				CLANG_WARN_EMPTY_BODY = YES;
				CLANG_WARN_ENUM_CONVERSION = YES;
				CLANG_WARN_INFINITE_RECURSION = YES;
				CLANG_WARN_INT_CONVERSION = YES;
				CLANG_WARN_NON_LITERAL_NULL_CONVERSION = YES;
				CLANG_WARN_OBJC_IMPLICIT_RETAIN_SELF = YES;
				CLANG_WARN_OBJC_LITERAL_CONVERSION = YES;
				CLANG_WARN_OBJC_ROOT_CLASS = YES_ERROR;
				CLANG_WARN_QUOTED_INCLUDE_IN_FRAMEWORK_HEADER = YES;
				CLANG_WARN_RANGE_LOOP_ANALYSIS = YES;
				CLANG_WARN_STRICT_PROTOTYPES = YES;
				CLANG_WARN_SUSPICIOUS_MOVE = YES;
				CLANG_WARN_UNGUARDED_AVAILABILITY = YES_AGGRESSIVE;
				CLANG_WARN_UNREACHABLE_CODE = YES;
				CLANG_WARN__DUPLICATE_METHOD_MATCH = YES;
				COPY_PHASE_STRIP = NO;
				DEBUG_INFORMATION_FORMAT = "dwarf-with-dsym";
				ENABLE_NS_ASSERTIONS = NO;
				ENABLE_STRICT_OBJC_MSGSEND = YES;
				GCC_C_LANGUAGE_STANDARD = gnu11;
				GCC_NO_COMMON_BLOCKS = YES;
				GCC_WARN_64_TO_32_BIT_CONVERSION = YES;
				GCC_WARN_ABOUT_RETURN_TYPE = YES_ERROR;
				GCC_WARN_UNDECLARED_SELECTOR = YES;
				GCC_WARN_UNINITIALIZED_AUTOS = YES_AGGRESSIVE;
				GCC_WARN_UNUSED_FUNCTION = YES;
				GCC_WARN_UNUSED_VARIABLE = YES;
				IPHONEOS_DEPLOYMENT_TARGET = 15.4;
				MTL_ENABLE_DEBUG_INFO = NO;
				MTL_FAST_MATH = YES;
				SDKROOT = iphoneos;
				SWIFT_COMPILATION_MODE = wholemodule;
				SWIFT_OPTIMIZATION_LEVEL = "-O";
				VALIDATE_PRODUCT = YES;
			};
			name = Release;
		};
		70AA29D7281FC72600B95FF8 /* Debug */ = {
			isa = XCBuildConfiguration;
			buildSettings = {
				ASSETCATALOG_COMPILER_APPICON_NAME = AppIcon;
				ASSETCATALOG_COMPILER_GLOBAL_ACCENT_COLOR_NAME = AccentColor;
				CODE_SIGN_STYLE = Automatic;
				CURRENT_PROJECT_VERSION = 1;
				DEVELOPMENT_ASSET_PATHS = "\"NC1-Lawn-SoMac/Preview Content\"";
				DEVELOPMENT_TEAM = 4SJ8XJ2NSA;
				ENABLE_PREVIEWS = YES;
				GENERATE_INFOPLIST_FILE = YES;
				INFOPLIST_KEY_NSCameraUsageDescription = "";
				INFOPLIST_KEY_NSPhotoLibraryUsageDescription = "";
				INFOPLIST_KEY_UIApplicationSceneManifest_Generation = YES;
				INFOPLIST_KEY_UIApplicationSupportsIndirectInputEvents = YES;
				INFOPLIST_KEY_UILaunchScreen_Generation = YES;
				INFOPLIST_KEY_UISupportedInterfaceOrientations_iPad = "UIInterfaceOrientationPortrait UIInterfaceOrientationPortraitUpsideDown UIInterfaceOrientationLandscapeLeft UIInterfaceOrientationLandscapeRight";
				INFOPLIST_KEY_UISupportedInterfaceOrientations_iPhone = "UIInterfaceOrientationPortrait UIInterfaceOrientationLandscapeLeft UIInterfaceOrientationLandscapeRight";
				LD_RUNPATH_SEARCH_PATHS = (
					"$(inherited)",
					"@executable_path/Frameworks",
				);
				MARKETING_VERSION = 1.0;
				PRODUCT_BUNDLE_IDENTIFIER = "com.Lawn.NC1-Lawn-SoMac";
				PRODUCT_NAME = "$(TARGET_NAME)";
				SWIFT_EMIT_LOC_STRINGS = YES;
				SWIFT_VERSION = 5.0;
				TARGETED_DEVICE_FAMILY = "1,2";
			};
			name = Debug;
		};
		70AA29D8281FC72600B95FF8 /* Release */ = {
			isa = XCBuildConfiguration;
			buildSettings = {
				ASSETCATALOG_COMPILER_APPICON_NAME = AppIcon;
				ASSETCATALOG_COMPILER_GLOBAL_ACCENT_COLOR_NAME = AccentColor;
				CODE_SIGN_STYLE = Automatic;
				CURRENT_PROJECT_VERSION = 1;
				DEVELOPMENT_ASSET_PATHS = "\"NC1-Lawn-SoMac/Preview Content\"";
				DEVELOPMENT_TEAM = 4SJ8XJ2NSA;
				ENABLE_PREVIEWS = YES;
				GENERATE_INFOPLIST_FILE = YES;
				INFOPLIST_KEY_NSCameraUsageDescription = "";
				INFOPLIST_KEY_NSPhotoLibraryUsageDescription = "";
				INFOPLIST_KEY_UIApplicationSceneManifest_Generation = YES;
				INFOPLIST_KEY_UIApplicationSupportsIndirectInputEvents = YES;
				INFOPLIST_KEY_UILaunchScreen_Generation = YES;
				INFOPLIST_KEY_UISupportedInterfaceOrientations_iPad = "UIInterfaceOrientationPortrait UIInterfaceOrientationPortraitUpsideDown UIInterfaceOrientationLandscapeLeft UIInterfaceOrientationLandscapeRight";
				INFOPLIST_KEY_UISupportedInterfaceOrientations_iPhone = "UIInterfaceOrientationPortrait UIInterfaceOrientationLandscapeLeft UIInterfaceOrientationLandscapeRight";
				LD_RUNPATH_SEARCH_PATHS = (
					"$(inherited)",
					"@executable_path/Frameworks",
				);
				MARKETING_VERSION = 1.0;
				PRODUCT_BUNDLE_IDENTIFIER = "com.Lawn.NC1-Lawn-SoMac";
				PRODUCT_NAME = "$(TARGET_NAME)";
				SWIFT_EMIT_LOC_STRINGS = YES;
				SWIFT_VERSION = 5.0;
				TARGETED_DEVICE_FAMILY = "1,2";
			};
			name = Release;
		};
/* End XCBuildConfiguration section */

/* Begin XCConfigurationList section */
		70AA29C3281FC72400B95FF8 /* Build configuration list for PBXProject "NC1-Lawn-SoMac" */ = {
			isa = XCConfigurationList;
			buildConfigurations = (
				70AA29D4281FC72600B95FF8 /* Debug */,
				70AA29D5281FC72600B95FF8 /* Release */,
			);
			defaultConfigurationIsVisible = 0;
			defaultConfigurationName = Release;
		};
		70AA29D6281FC72600B95FF8 /* Build configuration list for PBXNativeTarget "NC1-Lawn-SoMac" */ = {
			isa = XCConfigurationList;
			buildConfigurations = (
				70AA29D7281FC72600B95FF8 /* Debug */,
				70AA29D8281FC72600B95FF8 /* Release */,
			);
			defaultConfigurationIsVisible = 0;
			defaultConfigurationName = Release;
		};
/* End XCConfigurationList section */

/* Begin XCRemoteSwiftPackageReference section */
		70F692E32820F3D700C90014 /* XCRemoteSwiftPackageReference "SDWebImageSwiftUI" */ = {
			isa = XCRemoteSwiftPackageReference;
			repositoryURL = "https://github.com/SDWebImage/SDWebImageSwiftUI.git";
			requirement = {
				kind = upToNextMajorVersion;
				minimumVersion = 2.0.0;
			};
		};
/* End XCRemoteSwiftPackageReference section */

/* Begin XCSwiftPackageProductDependency section */
		70F692E42820F3D700C90014 /* SDWebImageSwiftUI */ = {
			isa = XCSwiftPackageProductDependency;
			package = 70F692E32820F3D700C90014 /* XCRemoteSwiftPackageReference "SDWebImageSwiftUI" */;
			productName = SDWebImageSwiftUI;
		};
/* End XCSwiftPackageProductDependency section */
	};
	rootObject = 70AA29C0281FC72400B95FF8 /* Project object */;
}
